
Microsoft Visual Studio Solution File, Format Version 12.00
# Visual Studio Version 17
VisualStudioVersion = 17.4.33122.133
MinimumVisualStudioVersion = 10.0.40219.1
Project("{FAE04EC0-301F-11D3-BF4B-00C04F79EFBC}") = "Customer-invitation_Project", "Customer-invitation_Project\Customer-invitation_Project.csproj", "{514BCB8D-9671-419F-9EEB-43B59621AD44}"
EndProject
Global
	GlobalSection(SolutionConfigurationPlatforms) = preSolution
		Debug|Any CPU = Debug|Any CPU
		Release|Any CPU = Release|Any CPU
	EndGlobalSection
	GlobalSection(ProjectConfigurationPlatforms) = postSolution
		{514BCB8D-9671-419F-9EEB-43B59621AD44}.Debug|Any CPU.ActiveCfg = Debug|Any CPU
		{514BCB8D-9671-419F-9EEB-43B59621AD44}.Debug|Any CPU.Build.0 = Debug|Any CPU
		{514BCB8D-9671-419F-9EEB-43B59621AD44}.Release|Any CPU.ActiveCfg = Release|Any CPU
		{514BCB8D-9671-419F-9EEB-43B59621AD44}.Release|Any CPU.Build.0 = Release|Any CPU
	EndGlobalSection
	GlobalSection(SolutionProperties) = preSolution
		HideSolutionNode = FALSE
	EndGlobalSection
	GlobalSection(ExtensibilityGlobals) = postSolution
		SolutionGuid = {7118075C-217F-4866-B364-AA57F808F194}
	EndGlobalSection
EndGlobal
